lockfileVersion: 5.3

specifiers:
  rome: ^0.5.0-next

devDependencies:
  rome: 0.5.0-next

packages:

  /@rometools/cli-darwin-arm64/0.5.0-next:
    resolution: {integrity: sha512-dzwIOxvSNPD70DJYzyrxs0DLqUd4p+wDJM/AmHKGTxYJSdQahEG5/scnqfwIGiaSpKP/qNIv4+7Hd0aSaQF0NQ==}
    cpu: [arm64]
    os: [darwin]
    requiresBuild: true
    dev: true
    optional: true

  /@rometools/cli-darwin-x64/0.5.0-next:
    resolution: {integrity: sha512-DXb/5PxNvD4ENb0oKiWnV2Zfww+yyZ5Q/ADUQqF1TsQjy8l7+4uiY618Wxo7KfH4y2uJA8b7wnly16bSw44F5g==}
    cpu: [x64]
    os: [darwin]
    requiresBuild: true
    dev: true
    optional: true

  /@rometools/cli-linux-arm64/0.5.0-next:
    resolution: {integrity: sha512-1vWKrnQgBgTBeQZquphsmqdCudX4GuwugaQbQVmpCQa+WfKpAe8SAQIJz5G5G3m9uYQRUfwS2AXXEWuMCVHSZQ==}
    cpu: [arm64]
    os: [linux]
    requiresBuild: true
    dev: true
    optional: true

  /@rometools/cli-linux-x64/0.5.0-next:
    resolution: {integrity: sha512-rKLhodWhYdMmVtIN1mZFxEFTbTiceat6NJUBGbsLHrjQVZ9h9tw8LlK/Lx8dBpzH5j093xKModnxZDFeIYyHLQ==}
    cpu: [x64]
    os: [linux]
    requiresBuild: true
    dev: true
    optional: true

  /@rometools/cli-win32-arm64/0.5.0-next:
    resolution: {integrity: sha512-XDVcPeTAvR9KgCqJQYLkhG2cb5XhsY1ZQUKSGsruxB257spkizb2M299VvLaSKVD7pDakG8Vk0JN3lPXdn0zdQ==}
    cpu: [arm64]
    os: [win32]
    requiresBuild: true
    dev: true
    optional: true

  /@rometools/cli-win32-x64/0.5.0-next:
    resolution: {integrity: sha512-kZeH17xLyQeAD+Y3vAPFuFnF7RxaCmtN/WSfB4mobje5HsAIqP6YPA7Gxpex/fJhv3rRWyNMTvrZEtDn5ogjHw==}
    cpu: [x64]
    os: [win32]
    requiresBuild: true
    dev: true
    optional: true

  /rome/0.5.0-next:
    resolution: {integrity: sha512-Y5LmDdSeu35DrqJRQnNHSmZcL6yOyHUhJLKevZN5xXW4GnPwHMLF8rUahnhgAugD5wmyGYAgakwKWA64n6yxkg==}
    engines: {node: '>=14.18.0'}
    hasBin: true
    requiresBuild: true
    optionalDependencies:
      '@rometools/cli-darwin-arm64': 0.5.0-next
      '@rometools/cli-darwin-x64': 0.5.0-next
      '@rometools/cli-linux-arm64': 0.5.0-next
      '@rometools/cli-linux-x64': 0.5.0-next
      '@rometools/cli-win32-arm64': 0.5.0-next
      '@rometools/cli-win32-x64': 0.5.0-next
    dev: true
