{
  "nodes": {
    "comin": {
      "inputs": {
        "nixpkgs": [
          "nixpkgs"
        ]
      },
      "locked": {
        "lastModified": 1752424616,
        "narHash": "sha256-hzUHeFxuOCJb22ALhMs9griuvu9kKl4dBk9zwXxIXQw=",
        "owner": "nlewo",
        "repo": "comin",
        "rev": "726d5998f3297193ca302052ad73596f3e40f893",
        "type": "github"
      },
      "original": {
        "owner": "nlewo",
        "repo": "comin",
        "type": "github"
      }
    },
    "nixpkgs": {
      "locked": {
        "lastModified": 1751984180,
        "narHash": "sha256-LwWRsENAZJKUdD3SpLluwDmdXY9F45ZEgCb0X+xgOL0=",
        "owner": "NixOS",
        "repo": "nixpkgs",
        "rev": "9807714d6944a957c2e036f84b0ff8caf9930bc0",
        "type": "github"
      },
      "original": {
        "owner": "NixOS",
        "ref": "nixos-unstable",
        "repo": "nixpkgs",
        "type": "github"
      }
    },
    "root": {
      "inputs": {
        "comin": "comin",
        "nixpkgs": "nixpkgs",
        "sops-nix": "sops-nix"
      }
    },
    "sops-nix": {
      "inputs": {
        "nixpkgs": [
          "nixpkgs"
        ]
      },
      "locked": {
        "lastModified": 1751606940,
        "narHash": "sha256-KrDPXobG7DFKTOteqdSVeL1bMVitDcy7otpVZWDE6MA=",
        "owner": "Mic92",
        "repo": "sops-nix",
        "rev": "3633fc4acf03f43b260244d94c71e9e14a2f6e0d",
        "type": "github"
      },
      "original": {
        "owner": "Mic92",
        "repo": "sops-nix",
        "type": "github"
      }
    }
  },
  "root": "root",
  "version": 7
}
