name: northernBlock
root: .

windows:
  - editor:
      panes:
        - conda activate northernBlock
  - tools:
      panes:
        - slack
        - firefox 'https://www.office.com/' &&  firefox 'https://www.figma.com/file/RTONMlz3yhmsvljg9R1agL/Digital-ID-ODS-%2B-CGI%2FNB?node-id=1032%3A33678' && firefox "https://start.atlassian.com/" 
  - monitoring:
      panes:
        - bpytop
  - gui:
      panes:
        - cd ~/Programs/ && ./Appium-Inspector-linux-2022.2.1.AppImage   
        - appium
