name: northernBlock
root: .

windows:
  - editor:
      panes:
        - lvim
  - tools:
      panes:
        - android-studio
        - appium
        # - cd ~/Programs/ && ./Appium-Server-GUI-linux-1.22.0.AppImage  
        - cd ~/Programs/ && ./Appium-Inspector-linux-2021.12.2.AppImage   
        - slack
        - firefox 'https://www.office.com/'
        - firefox 'https://www.figma.com/file/RTONMlz3yhmsvljg9R1agL/Digital-ID-ODS-%2B-CGI%2FNB?node-id=1032%3A33678'
  - monitoring:
      panes:
        - bpytop

